# This file is autogenerated, do not edit; changes may be undone by the next 'dep ensure'.


[[projects]]
  name = "github.com/fsnotify/fsnotify"
  packages = ["."]
  revision = "c2828203cd70a50dcccfb2761f8b1f8ceef9a8e9"
  version = "v1.4.7"

[[projects]]
  name = "github.com/go-sql-driver/mysql"
  packages = ["."]
  revision = "a0583e0143b1624142adab07e0e97fe106d99561"
  version = "v1.3"

[[projects]]
  branch = "master"
  name = "golang.org/x/sys"
  packages = ["unix"]
  revision = "378d26f46672a356c46195c28f61bdb4c0a781dd"

[[projects]]
  name = "gopkg.in/redis.v5"
  packages = [".","internal","internal/consistenthash","internal/hashtag","internal/pool","internal/proto"]
  revision = "a16aeec10ff407b1e7be6dd35797ccf5426ef0f0"
  version = "v5.2.9"

[solve-meta]
  analyzer-name = "dep"
  analyzer-version = 1
  inputs-digest = "706039b6fed1e96fcbd3ed90d74bc8d46645c09805afe612a74fe8e59ed18689"
  solver-name = "gps-cdcl"
  solver-version = 1
